
Microsoft Visual Studio Solution File, Format Version 12.00
# Visual Studio Version 17
VisualStudioVersion = 17.14.36203.30 d17.14
MinimumVisualStudioVersion = 10.0.40219.1
Project("{FAE04EC0-301F-11D3-BF4B-00C04F79EFBC}") = "Catch22Sharp", "Catch22Sharp\Catch22Sharp.csproj", "{D1B29201-E2FD-486E-9BE0-88025381E7B6}"
EndProject
Project("{FAE04EC0-301F-11D3-BF4B-00C04F79EFBC}") = "Workspace", "Workspace\Workspace.csproj", "{2210674B-E448-410E-8BF4-BD584770DF17}"
EndProject
Global
	GlobalSection(SolutionConfigurationPlatforms) = preSolution
		Debug|Any CPU = Debug|Any CPU
		Release|Any CPU = Release|Any CPU
	EndGlobalSection
	GlobalSection(ProjectConfigurationPlatforms) = postSolution
		{D1B29201-E2FD-486E-9BE0-88025381E7B6}.Debug|Any CPU.ActiveCfg = Debug|Any CPU
		{D1B29201-E2FD-486E-9BE0-88025381E7B6}.Debug|Any CPU.Build.0 = Debug|Any CPU
		{D1B29201-E2FD-486E-9BE0-88025381E7B6}.Release|Any CPU.ActiveCfg = Release|Any CPU
		{D1B29201-E2FD-486E-9BE0-88025381E7B6}.Release|Any CPU.Build.0 = Release|Any CPU
		{2210674B-E448-410E-8BF4-BD584770DF17}.Debug|Any CPU.ActiveCfg = Debug|Any CPU
		{2210674B-E448-410E-8BF4-BD584770DF17}.Debug|Any CPU.Build.0 = Debug|Any CPU
		{2210674B-E448-410E-8BF4-BD584770DF17}.Release|Any CPU.ActiveCfg = Release|Any CPU
		{2210674B-E448-410E-8BF4-BD584770DF17}.Release|Any CPU.Build.0 = Release|Any CPU
	EndGlobalSection
	GlobalSection(SolutionProperties) = preSolution
		HideSolutionNode = FALSE
	EndGlobalSection
	GlobalSection(ExtensibilityGlobals) = postSolution
		SolutionGuid = {ABEF1A1D-DCE3-42E9-91F3-2C38D762D3FF}
	EndGlobalSection
EndGlobal
